<?xml version="1.0" encoding="utf-8"?>
<Project ToolsVersion="4.0" xmlns="http://schemas.microsoft.com/developer/msbuild/2003">
  <ItemGroup>
    <Filter Include="Fichiers sources">
      <UniqueIdentifier>{4FC737F1-C7A5-4376-A066-2A32D752A2FF}</UniqueIdentifier>
      <Extensions>cpp;c;cc;cxx;c++;cppm;ixx;def;odl;idl;hpj;bat;asm;asmx</Extensions>
    </Filter>
    <Filter Include="Fichiers d%27en-tête">
      <UniqueIdentifier>{93995380-89BD-4b04-88EB-625FBE52EBFB}</UniqueIdentifier>
      <Extensions>h;hh;hpp;hxx;h++;hm;inl;inc;ipp;xsd</Extensions>
    </Filter>
    <Filter Include="Fichiers de ressources">
      <UniqueIdentifier>{67DA6AB6-F800-4c08-8B7A-83BB121AAD01}</UniqueIdentifier>
      <Extensions>rc;ico;cur;bmp;dlg;rc2;rct;bin;rgs;gif;jpg;jpeg;jpe;resx;tiff;tif;png;wav;mfcribbon-ms</Extensions>
    </Filter>
    <Filter Include="Wrappers">
      <UniqueIdentifier>{43ba709a-f631-4db1-ae20-174229042b1b}</UniqueIdentifier>
    </Filter>
  </ItemGroup>
  <ItemGroup>
    <ClInclude Include="pch.h">
      <Filter>Fichiers d%27en-tête</Filter>
    </ClInclude>
    <ClInclude Include="D12DebugLayer.h">
      <Filter>Wrappers</Filter>
    </ClInclude>
    <ClInclude Include="RenderContext.h">
      <Filter>Fichiers d%27en-tête</Filter>
    </ClInclude>
    <ClInclude Include="Window.h">
      <Filter>Fichiers d%27en-tête</Filter>
    </ClInclude>
    <ClInclude Include="RenderWindow.h">
      <Filter>Fichiers d%27en-tête</Filter>
    </ClInclude>
    <ClInclude Include="Shader.h">
      <Filter>Fichiers d%27en-tête</Filter>
    </ClInclude>
    <ClInclude Include="D12PipelineObject.h">
      <Filter>Wrappers</Filter>
    </ClInclude>
    <ClInclude Include="StaticBuffer.h">
      <Filter>Fichiers d%27en-tête</Filter>
    </ClInclude>
    <ClInclude Include="d3dx12.h">
      <Filter>Fichiers d%27en-tête</Filter>
    </ClInclude>
    <ClInclude Include="Geometry.h">
      <Filter>Fichiers d%27en-tête</Filter>
    </ClInclude>
    <ClInclude Include="Vertex.h">
      <Filter>Fichiers d%27en-tête</Filter>
    </ClInclude>
    <ClInclude Include="GeometryFactory.h">
      <Filter>Fichiers d%27en-tête</Filter>
    </ClInclude>
    <ClInclude Include="DynamicBuffer.h">
      <Filter>Fichiers d%27en-tête</Filter>
    </ClInclude>
    <ClInclude Include="Camera.h">
      <Filter>Fichiers d%27en-tête</Filter>
    </ClInclude>
    <ClInclude Include="Transform.h">
      <Filter>Fichiers d%27en-tête</Filter>
    </ClInclude>
    <ClInclude Include="D12ComputePipelineObject.h">
      <Filter>Wrappers</Filter>
    </ClInclude>
    <ClInclude Include="ReadbackBuffer.hpp">
      <Filter>Fichiers d%27en-tête</Filter>
    </ClInclude>
    <ClInclude Include="RenderTarget.h">
      <Filter>Fichiers d%27en-tête</Filter>
    </ClInclude>
  </ItemGroup>
  <ItemGroup>
    <ClCompile Include="main.cpp">
      <Filter>Fichiers sources</Filter>
    </ClCompile>
    <ClCompile Include="D12DebugLayer.cpp">
      <Filter>Wrappers</Filter>
    </ClCompile>
    <ClCompile Include="RenderContext.cpp">
      <Filter>Fichiers sources</Filter>
    </ClCompile>
    <ClCompile Include="Window.cpp">
      <Filter>Fichiers sources</Filter>
    </ClCompile>
    <ClCompile Include="RenderWindow.cpp">
      <Filter>Fichiers sources</Filter>
    </ClCompile>
    <ClCompile Include="Shader.cpp">
      <Filter>Fichiers sources</Filter>
    </ClCompile>
    <ClCompile Include="D12PipelineObject.cpp">
      <Filter>Wrappers</Filter>
    </ClCompile>
    <ClCompile Include="StaticBuffer.cpp">
      <Filter>Fichiers sources</Filter>
    </ClCompile>
    <ClCompile Include="Geometry.cpp">
      <Filter>Fichiers sources</Filter>
    </ClCompile>
    <ClCompile Include="GeometryFactory.cpp">
      <Filter>Fichiers sources</Filter>
    </ClCompile>
    <ClCompile Include="DynamicBuffer.cpp">
      <Filter>Fichiers sources</Filter>
    </ClCompile>
    <ClCompile Include="Camera.cpp">
      <Filter>Fichiers sources</Filter>
    </ClCompile>
    <ClCompile Include="Transform.cpp">
      <Filter>Fichiers sources</Filter>
    </ClCompile>
    <ClCompile Include="D12ComputePipelineObject.cpp">
      <Filter>Wrappers</Filter>
    </ClCompile>
    <ClCompile Include="RenderTarget.cpp">
      <Filter>Fichiers sources</Filter>
    </ClCompile>
  </ItemGroup>
  <ItemGroup>
    <FxCompile Include="PixelShader.hlsl">
      <Filter>Fichiers de ressources</Filter>
    </FxCompile>
    <FxCompile Include="VertexShader.hlsl">
      <Filter>Fichiers de ressources</Filter>
    </FxCompile>
    <FxCompile Include="RootSignature.hlsl">
      <Filter>Fichiers de ressources</Filter>
    </FxCompile>
    <FxCompile Include="ComputeShader.hlsl">
      <Filter>Fichiers de ressources</Filter>
    </FxCompile>
  </ItemGroup>
  <ItemGroup>
    <None Include="Common.hlsli">
      <Filter>Fichiers de ressources</Filter>
    </None>
  </ItemGroup>
</Project>